
Microsoft Visual Studio Solution File, Format Version 12.00
# Visual Studio 15
VisualStudioVersion = 15.0.28010.2050
MinimumVisualStudioVersion = 10.0.40219.1
Project("{FAE04EC0-301F-11D3-BF4B-00C04F79EFBC}") = "PriacticeDependencyInjection", "PriacticeDependencyInjection\PriacticeDependencyInjection.csproj", "{58AF9C7C-3773-44C7-A2BC-A876E5885274}"
EndProject
Global
	GlobalSection(SolutionConfigurationPlatforms) = preSolution
		Debug|Any CPU = Debug|Any CPU
		Release|Any CPU = Release|Any CPU
	EndGlobalSection
	GlobalSection(ProjectConfigurationPlatforms) = postSolution
		{58AF9C7C-3773-44C7-A2BC-A876E5885274}.Debug|Any CPU.ActiveCfg = Debug|Any CPU
		{58AF9C7C-3773-44C7-A2BC-A876E5885274}.Debug|Any CPU.Build.0 = Debug|Any CPU
		{58AF9C7C-3773-44C7-A2BC-A876E5885274}.Release|Any CPU.ActiveCfg = Release|Any CPU
		{58AF9C7C-3773-44C7-A2BC-A876E5885274}.Release|Any CPU.Build.0 = Release|Any CPU
	EndGlobalSection
	GlobalSection(SolutionProperties) = preSolution
		HideSolutionNode = FALSE
	EndGlobalSection
	GlobalSection(ExtensibilityGlobals) = postSolution
		SolutionGuid = {5472BBBC-1424-4C4E-B665-3F39D63C0479}
	EndGlobalSection
EndGlobal
