
Microsoft Visual Studio Solution File, Format Version 12.00
# Visual Studio 15
VisualStudioVersion = 15.0.28010.2050
MinimumVisualStudioVersion = 10.0.40219.1
Project("{FAE04EC0-301F-11D3-BF4B-00C04F79EFBC}") = "FoxCoinProject", "FoxCoinProject\FoxCoinProject.csproj", "{7C9DCBFE-3284-48BB-BB43-29E9B9F2F7A6}"
EndProject
Global
	GlobalSection(SolutionConfigurationPlatforms) = preSolution
		Debug|Any CPU = Debug|Any CPU
		Release|Any CPU = Release|Any CPU
	EndGlobalSection
	GlobalSection(ProjectConfigurationPlatforms) = postSolution
		{7C9DCBFE-3284-48BB-BB43-29E9B9F2F7A6}.Debug|Any CPU.ActiveCfg = Debug|Any CPU
		{7C9DCBFE-3284-48BB-BB43-29E9B9F2F7A6}.Debug|Any CPU.Build.0 = Debug|Any CPU
		{7C9DCBFE-3284-48BB-BB43-29E9B9F2F7A6}.Release|Any CPU.ActiveCfg = Release|Any CPU
		{7C9DCBFE-3284-48BB-BB43-29E9B9F2F7A6}.Release|Any CPU.Build.0 = Release|Any CPU
	EndGlobalSection
	GlobalSection(SolutionProperties) = preSolution
		HideSolutionNode = FALSE
	EndGlobalSection
	GlobalSection(ExtensibilityGlobals) = postSolution
		SolutionGuid = {89F2AB69-22F2-41D5-B4ED-1E3C635A40DB}
	EndGlobalSection
EndGlobal
