
Microsoft Visual Studio Solution File, Format Version 12.00
# Visual Studio 15
VisualStudioVersion = 15.0.28010.2050
MinimumVisualStudioVersion = 10.0.40219.1
Project("{FAE04EC0-301F-11D3-BF4B-00C04F79EFBC}") = "RedditProject", "RedditProject\RedditProject.csproj", "{7EE7FCB8-22FE-4004-8832-D21CE62F20EE}"
EndProject
Global
	GlobalSection(SolutionConfigurationPlatforms) = preSolution
		Debug|Any CPU = Debug|Any CPU
		Release|Any CPU = Release|Any CPU
	EndGlobalSection
	GlobalSection(ProjectConfigurationPlatforms) = postSolution
		{7EE7FCB8-22FE-4004-8832-D21CE62F20EE}.Debug|Any CPU.ActiveCfg = Debug|Any CPU
		{7EE7FCB8-22FE-4004-8832-D21CE62F20EE}.Debug|Any CPU.Build.0 = Debug|Any CPU
		{7EE7FCB8-22FE-4004-8832-D21CE62F20EE}.Release|Any CPU.ActiveCfg = Release|Any CPU
		{7EE7FCB8-22FE-4004-8832-D21CE62F20EE}.Release|Any CPU.Build.0 = Release|Any CPU
	EndGlobalSection
	GlobalSection(SolutionProperties) = preSolution
		HideSolutionNode = FALSE
	EndGlobalSection
	GlobalSection(ExtensibilityGlobals) = postSolution
		SolutionGuid = {E1DDBB5C-8778-40F2-93B4-A86B6E1D2DD8}
	EndGlobalSection
EndGlobal
